
Microsoft Visual Studio Solution File, Format Version 10.00
# Visual Studio 2008
Project("{8BC9CEB8-8B4A-11D0-8D11-00A0C91BC942}") = "main", "main.vcproj", "{92238B24-1F0E-45FE-8D71-472199EBCF0D}"
EndProject
Global
	GlobalSection(SolutionConfigurationPlatforms) = preSolution
		Debug|Win32 = Debug|Win32
		Release|Win32 = Release|Win32
	EndGlobalSection
	GlobalSection(ProjectConfigurationPlatforms) = postSolution
		{92238B24-1F0E-45FE-8D71-472199EBCF0D}.Debug|Win32.ActiveCfg = Debug|Win32
		{92238B24-1F0E-45FE-8D71-472199EBCF0D}.Debug|Win32.Build.0 = Debug|Win32
		{92238B24-1F0E-45FE-8D71-472199EBCF0D}.Release|Win32.ActiveCfg = Release|Win32
		{92238B24-1F0E-45FE-8D71-472199EBCF0D}.Release|Win32.Build.0 = Release|Win32
	EndGlobalSection
	GlobalSection(SolutionProperties) = preSolution
		HideSolutionNode = FALSE
	EndGlobalSection
EndGlobal
